
Microsoft Visual Studio Solution File, Format Version 12.00
# Visual Studio Version 17
VisualStudioVersion = 17.13.35931.197 d17.13
MinimumVisualStudioVersion = 10.0.40219.1
Project("{FAE04EC0-301F-11D3-BF4B-00C04F79EFBC}") = "TripPlanner", "TripPlanner.csproj", "{3D90A28C-B423-4B53-91D0-09688831FAC2}"
EndProject
Global
	GlobalSection(SolutionConfigurationPlatforms) = preSolution
		Debug|Any CPU = Debug|Any CPU
		Release|Any CPU = Release|Any CPU
	EndGlobalSection
	GlobalSection(ProjectConfigurationPlatforms) = postSolution
		{3D90A28C-B423-4B53-91D0-09688831FAC2}.Debug|Any CPU.ActiveCfg = Debug|Any CPU
		{3D90A28C-B423-4B53-91D0-09688831FAC2}.Debug|Any CPU.Build.0 = Debug|Any CPU
		{3D90A28C-B423-4B53-91D0-09688831FAC2}.Release|Any CPU.ActiveCfg = Release|Any CPU
		{3D90A28C-B423-4B53-91D0-09688831FAC2}.Release|Any CPU.Build.0 = Release|Any CPU
	EndGlobalSection
	GlobalSection(SolutionProperties) = preSolution
		HideSolutionNode = FALSE
	EndGlobalSection
	GlobalSection(ExtensibilityGlobals) = postSolution
		SolutionGuid = {9D8CE330-57D9-4130-B496-21A4A9FE0B07}
	EndGlobalSection
EndGlobal
